
Microsoft Visual Studio Solution File, Format Version 12.00
# Visual Studio Version 17
VisualStudioVersion = 17.10.35027.167
MinimumVisualStudioVersion = 10.0.40219.1
Project("{8BC9CEB8-8B4A-11D0-8D11-00A0C91BC942}") = "1st SFML Game", "1st SFML Game\1st SFML Game.vcxproj", "{17885C8F-3F97-4E2F-B8DF-6FE0459A9248}"
EndProject
Global
	GlobalSection(SolutionConfigurationPlatforms) = preSolution
		Debug|x64 = Debug|x64
		Debug|x86 = Debug|x86
		Release|x64 = Release|x64
		Release|x86 = Release|x86
	EndGlobalSection
	GlobalSection(ProjectConfigurationPlatforms) = postSolution
		{17885C8F-3F97-4E2F-B8DF-6FE0459A9248}.Debug|x64.ActiveCfg = Debug|x64
		{17885C8F-3F97-4E2F-B8DF-6FE0459A9248}.Debug|x64.Build.0 = Debug|x64
		{17885C8F-3F97-4E2F-B8DF-6FE0459A9248}.Debug|x86.ActiveCfg = Debug|Win32
		{17885C8F-3F97-4E2F-B8DF-6FE0459A9248}.Debug|x86.Build.0 = Debug|Win32
		{17885C8F-3F97-4E2F-B8DF-6FE0459A9248}.Release|x64.ActiveCfg = Release|x64
		{17885C8F-3F97-4E2F-B8DF-6FE0459A9248}.Release|x64.Build.0 = Release|x64
		{17885C8F-3F97-4E2F-B8DF-6FE0459A9248}.Release|x86.ActiveCfg = Release|Win32
		{17885C8F-3F97-4E2F-B8DF-6FE0459A9248}.Release|x86.Build.0 = Release|Win32
	EndGlobalSection
	GlobalSection(SolutionProperties) = preSolution
		HideSolutionNode = FALSE
	EndGlobalSection
	GlobalSection(ExtensibilityGlobals) = postSolution
		SolutionGuid = {5215DD9C-C961-4DAA-870F-B356164429CF}
	EndGlobalSection
EndGlobal
