<?xml version="1.0" encoding="utf-8"?>
<Project ToolsVersion="4.0" xmlns="http://schemas.microsoft.com/developer/msbuild/2003">
  <ItemGroup>
    <Filter Include="Resource Files">
      <UniqueIdentifier>{67DA6AB6-F800-4c08-8B7A-83BB121AAD01}</UniqueIdentifier>
      <Extensions>rc;ico;cur;bmp;dlg;rc2;rct;bin;rgs;gif;jpg;jpeg;jpe;resx;tiff;tif;png;wav;mfcribbon-ms</Extensions>
    </Filter>
    <Filter Include="Header">
      <UniqueIdentifier>{4b76bbfd-abc7-4546-9601-9467ed67f5b7}</UniqueIdentifier>
    </Filter>
    <Filter Include="Source">
      <UniqueIdentifier>{fc63adc0-2636-4e7a-bd40-f1c24162a956}</UniqueIdentifier>
    </Filter>
  </ItemGroup>
  <ItemGroup>
    <ClInclude Include="inc\bullet.h">
      <Filter>Header</Filter>
    </ClInclude>
    <ClInclude Include="inc\enemy.h">
      <Filter>Header</Filter>
    </ClInclude>
    <ClInclude Include="inc\EnemyManager.h">
      <Filter>Header</Filter>
    </ClInclude>
    <ClInclude Include="inc\entity.h">
      <Filter>Header</Filter>
    </ClInclude>
    <ClInclude Include="inc\helper_func.h">
      <Filter>Header</Filter>
    </ClInclude>
    <ClInclude Include="inc\player.h">
      <Filter>Header</Filter>
    </ClInclude>
    <ClInclude Include="inc\wall.h">
      <Filter>Header</Filter>
    </ClInclude>
  </ItemGroup>
  <ItemGroup>
    <ClCompile Include="src\bullet.cpp">
      <Filter>Source</Filter>
    </ClCompile>
    <ClCompile Include="src\enemy.cpp">
      <Filter>Source</Filter>
    </ClCompile>
    <ClCompile Include="src\EnemyManager.cpp">
      <Filter>Source</Filter>
    </ClCompile>
    <ClCompile Include="src\entity.cpp">
      <Filter>Source</Filter>
    </ClCompile>
    <ClCompile Include="src\helper_func.cpp">
      <Filter>Source</Filter>
    </ClCompile>
    <ClCompile Include="src\main.cpp">
      <Filter>Source</Filter>
    </ClCompile>
    <ClCompile Include="src\player.cpp">
      <Filter>Source</Filter>
    </ClCompile>
    <ClCompile Include="src\wall.cpp">
      <Filter>Source</Filter>
    </ClCompile>
  </ItemGroup>
</Project>